
Microsoft Visual Studio Solution File, Format Version 12.00
# Visual Studio Version 17
VisualStudioVersion = 17.4.33213.308
MinimumVisualStudioVersion = 10.0.40219.1
Project("{FAE04EC0-301F-11D3-BF4B-00C04F79EFBC}") = "testWork", "testWork\testWork.csproj", "{63600F4C-E41D-4E88-ACBE-08D0D4803C72}"
EndProject
Global
	GlobalSection(SolutionConfigurationPlatforms) = preSolution
		Debug|Any CPU = Debug|Any CPU
		Release|Any CPU = Release|Any CPU
	EndGlobalSection
	GlobalSection(ProjectConfigurationPlatforms) = postSolution
		{63600F4C-E41D-4E88-ACBE-08D0D4803C72}.Debug|Any CPU.ActiveCfg = Debug|Any CPU
		{63600F4C-E41D-4E88-ACBE-08D0D4803C72}.Debug|Any CPU.Build.0 = Debug|Any CPU
		{63600F4C-E41D-4E88-ACBE-08D0D4803C72}.Release|Any CPU.ActiveCfg = Release|Any CPU
		{63600F4C-E41D-4E88-ACBE-08D0D4803C72}.Release|Any CPU.Build.0 = Release|Any CPU
	EndGlobalSection
	GlobalSection(SolutionProperties) = preSolution
		HideSolutionNode = FALSE
	EndGlobalSection
	GlobalSection(ExtensibilityGlobals) = postSolution
		SolutionGuid = {6D4692F5-5B6A-486F-907F-0896CFC29383}
	EndGlobalSection
EndGlobal
